
Microsoft Visual Studio Solution File, Format Version 12.00
# Visual Studio Version 17
VisualStudioVersion = 17.12.35527.113 d17.12
MinimumVisualStudioVersion = 10.0.40219.1
Project("{FAE04EC0-301F-11D3-BF4B-00C04F79EFBC}") = "NewCzechitas", "NewCzechitas\NewCzechitas.csproj", "{A28CB6ED-8BF4-42D0-8831-D07E84BCBFDF}"
EndProject
Global
	GlobalSection(SolutionConfigurationPlatforms) = preSolution
		Debug|Any CPU = Debug|Any CPU
		Release|Any CPU = Release|Any CPU
	EndGlobalSection
	GlobalSection(ProjectConfigurationPlatforms) = postSolution
		{A28CB6ED-8BF4-42D0-8831-D07E84BCBFDF}.Debug|Any CPU.ActiveCfg = Debug|Any CPU
		{A28CB6ED-8BF4-42D0-8831-D07E84BCBFDF}.Debug|Any CPU.Build.0 = Debug|Any CPU
		{A28CB6ED-8BF4-42D0-8831-D07E84BCBFDF}.Release|Any CPU.ActiveCfg = Release|Any CPU
		{A28CB6ED-8BF4-42D0-8831-D07E84BCBFDF}.Release|Any CPU.Build.0 = Release|Any CPU
	EndGlobalSection
	GlobalSection(SolutionProperties) = preSolution
		HideSolutionNode = FALSE
	EndGlobalSection
EndGlobal
